
Microsoft Visual Studio Solution File, Format Version 11.00
# Visual Studio 2010
Project("{8BC9CEB8-8B4A-11D0-8D11-00A0C91BC942}") = "StarClone64", "StarClone64.vcxproj", "{796FAE45-7FE4-4163-B27E-4B7B65FEFCF6}"
EndProject
Global
	GlobalSection(SolutionConfigurationPlatforms) = preSolution
		Debug|Win32 = Debug|Win32
		Release|Win32 = Release|Win32
	EndGlobalSection
	GlobalSection(ProjectConfigurationPlatforms) = postSolution
		{796FAE45-7FE4-4163-B27E-4B7B65FEFCF6}.Debug|Win32.ActiveCfg = Debug|Win32
		{796FAE45-7FE4-4163-B27E-4B7B65FEFCF6}.Debug|Win32.Build.0 = Debug|Win32
		{796FAE45-7FE4-4163-B27E-4B7B65FEFCF6}.Release|Win32.ActiveCfg = Release|Win32
		{796FAE45-7FE4-4163-B27E-4B7B65FEFCF6}.Release|Win32.Build.0 = Release|Win32
	EndGlobalSection
	GlobalSection(SolutionProperties) = preSolution
		HideSolutionNode = FALSE
	EndGlobalSection
EndGlobal
